
Microsoft Visual Studio Solution File, Format Version 12.00
# Visual Studio 15
VisualStudioVersion = 15.0.27703.2000
MinimumVisualStudioVersion = 10.0.40219.1
Project("{FAE04EC0-301F-11D3-BF4B-00C04F79EFBC}") = "RegistroArticulos", "RegistroArticulos\RegistroArticulos.csproj", "{AA3186DD-7D65-4DF9-848E-A928819B4267}"
EndProject
Global
	GlobalSection(SolutionConfigurationPlatforms) = preSolution
		Debug|Any CPU = Debug|Any CPU
		Release|Any CPU = Release|Any CPU
	EndGlobalSection
	GlobalSection(ProjectConfigurationPlatforms) = postSolution
		{AA3186DD-7D65-4DF9-848E-A928819B4267}.Debug|Any CPU.ActiveCfg = Debug|Any CPU
		{AA3186DD-7D65-4DF9-848E-A928819B4267}.Debug|Any CPU.Build.0 = Debug|Any CPU
		{AA3186DD-7D65-4DF9-848E-A928819B4267}.Release|Any CPU.ActiveCfg = Release|Any CPU
		{AA3186DD-7D65-4DF9-848E-A928819B4267}.Release|Any CPU.Build.0 = Release|Any CPU
	EndGlobalSection
	GlobalSection(SolutionProperties) = preSolution
		HideSolutionNode = FALSE
	EndGlobalSection
	GlobalSection(ExtensibilityGlobals) = postSolution
		SolutionGuid = {19BD20B3-E8EC-4DBC-8E03-81957296FCF7}
	EndGlobalSection
EndGlobal
